// !$*UTF8*$!
{
	archiveVersion = 1;
	classes = {
	};
	objectVersion = 48;
	objects = {

/* Begin PBXBuildFile section */
		7C3742D92056F9F3007C3D60 /* UIColor+Utils.swift in Sources */ = {isa = PBXBuildFile; fileRef = 7C3742D82056F9F3007C3D60 /* UIColor+Utils.swift */; };
		7C3742DB2056FE4F007C3D60 /* ToolBar.swift in Sources */ = {isa = PBXBuildFile; fileRef = 7C3742DA2056FE4F007C3D60 /* ToolBar.swift */; };
		7CE39F5A20542C07006C4EA3 /* AppDelegate.swift in Sources */ = {isa = PBXBuildFile; fileRef = 7CE39F5920542C07006C4EA3 /* AppDelegate.swift */; };
		7CE39F5C20542C07006C4EA3 /* ViewController.swift in Sources */ = {isa = PBXBuildFile; fileRef = 7CE39F5B20542C07006C4EA3 /* ViewController.swift */; };
		7CE39F5F20542C07006C4EA3 /* Main.storyboard in Resources */ = {isa = PBXBuildFile; fileRef = 7CE39F5D20542C07006C4EA3 /* Main.storyboard */; };
		7CE39F6120542C07006C4EA3 /* Assets.xcassets in Resources */ = {isa = PBXBuildFile; fileRef = 7CE39F6020542C07006C4EA3 /* Assets.xcassets */; };
		7CE39F6420542C07006C4EA3 /* LaunchScreen.storyboard in Resources */ = {isa = PBXBuildFile; fileRef = 7CE39F6220542C07006C4EA3 /* LaunchScreen.storyboard */; };
		7CE39F6C20544237006C4EA3 /* GridView.swift in Sources */ = {isa = PBXBuildFile; fileRef = 7CE39F6B20544237006C4EA3 /* GridView.swift */; };
		7CE39F6E20544D40006C4EA3 /* TouchTypeAwareLongPressGestureRecognizer.swift in Sources */ = {isa = PBXBuildFile; fileRef = 7CE39F6D20544D40006C4EA3 /* TouchTypeAwareLongPressGestureRecognizer.swift */; };
		7CE39F7020545B75006C4EA3 /* PersistenceService.swift in Sources */ = {isa = PBXBuildFile; fileRef = 7CE39F6F20545B75006C4EA3 /* PersistenceService.swift */; };
		7CE39F7220546023006C4EA3 /* SquareModel.swift in Sources */ = {isa = PBXBuildFile; fileRef = 7CE39F7120546023006C4EA3 /* SquareModel.swift */; };
		7CE39F7420546057006C4EA3 /* UIView+Utils.swift in Sources */ = {isa = PBXBuildFile; fileRef = 7CE39F7320546057006C4EA3 /* UIView+Utils.swift */; };
		A40CB12BBA7C4CF7B439A802 /* Pods_DossierPlay.framework in Frameworks */ = {isa = PBXBuildFile; fileRef = BA6886FE615A999F437B6337 /* Pods_DossierPlay.framework */; };
/* End PBXBuildFile section */

/* Begin PBXFileReference section */
		7BD9ED5A116F25828C5CD6D7 /* Pods-DossierPlay.debug.xcconfig */ = {isa = PBXFileReference; includeInIndex = 1; lastKnownFileType = text.xcconfig; name = "Pods-DossierPlay.debug.xcconfig"; path = "Pods/Target Support Files/Pods-DossierPlay/Pods-DossierPlay.debug.xcconfig"; sourceTree = "<group>"; };
		7C3742D82056F9F3007C3D60 /* UIColor+Utils.swift */ = {isa = PBXFileReference; lastKnownFileType = sourcecode.swift; path = "UIColor+Utils.swift"; sourceTree = "<group>"; };
		7C3742DA2056FE4F007C3D60 /* ToolBar.swift */ = {isa = PBXFileReference; lastKnownFileType = sourcecode.swift; path = ToolBar.swift; sourceTree = "<group>"; };
		7CE39F5620542C07006C4EA3 /* DossierPlay.app */ = {isa = PBXFileReference; explicitFileType = wrapper.application; includeInIndex = 0; path = DossierPlay.app; sourceTree = BUILT_PRODUCTS_DIR; };
		7CE39F5920542C07006C4EA3 /* AppDelegate.swift */ = {isa = PBXFileReference; lastKnownFileType = sourcecode.swift; path = AppDelegate.swift; sourceTree = "<group>"; };
		7CE39F5B20542C07006C4EA3 /* ViewController.swift */ = {isa = PBXFileReference; lastKnownFileType = sourcecode.swift; path = ViewController.swift; sourceTree = "<group>"; };
		7CE39F5E20542C07006C4EA3 /* Base */ = {isa = PBXFileReference; lastKnownFileType = file.storyboard; name = Base; path = Base.lproj/Main.storyboard; sourceTree = "<group>"; };
		7CE39F6020542C07006C4EA3 /* Assets.xcassets */ = {isa = PBXFileReference; lastKnownFileType = folder.assetcatalog; path = Assets.xcassets; sourceTree = "<group>"; };
		7CE39F6320542C07006C4EA3 /* Base */ = {isa = PBXFileReference; lastKnownFileType = file.storyboard; name = Base; path = Base.lproj/LaunchScreen.storyboard; sourceTree = "<group>"; };
		7CE39F6520542C07006C4EA3 /* Info.plist */ = {isa = PBXFileReference; lastKnownFileType = text.plist.xml; path = Info.plist; sourceTree = "<group>"; };
		7CE39F6B20544237006C4EA3 /* GridView.swift */ = {isa = PBXFileReference; lastKnownFileType = sourcecode.swift; path = GridView.swift; sourceTree = "<group>"; };
		7CE39F6D20544D40006C4EA3 /* TouchTypeAwareLongPressGestureRecognizer.swift */ = {isa = PBXFileReference; lastKnownFileType = sourcecode.swift; path = TouchTypeAwareLongPressGestureRecognizer.swift; sourceTree = "<group>"; };
		7CE39F6F20545B75006C4EA3 /* PersistenceService.swift */ = {isa = PBXFileReference; lastKnownFileType = sourcecode.swift; path = PersistenceService.swift; sourceTree = "<group>"; };
		7CE39F7120546023006C4EA3 /* SquareModel.swift */ = {isa = PBXFileReference; lastKnownFileType = sourcecode.swift; path = SquareModel.swift; sourceTree = "<group>"; };
		7CE39F7320546057006C4EA3 /* UIView+Utils.swift */ = {isa = PBXFileReference; lastKnownFileType = sourcecode.swift; path = "UIView+Utils.swift"; sourceTree = "<group>"; };
		BA6886FE615A999F437B6337 /* Pods_DossierPlay.framework */ = {isa = PBXFileReference; explicitFileType = wrapper.framework; includeInIndex = 0; path = Pods_DossierPlay.framework; sourceTree = BUILT_PRODUCTS_DIR; };
		F79C6A94C55334FA78987AAA /* Pods-DossierPlay.release.xcconfig */ = {isa = PBXFileReference; includeInIndex = 1; lastKnownFileType = text.xcconfig; name = "Pods-DossierPlay.release.xcconfig"; path = "Pods/Target Support Files/Pods-DossierPlay/Pods-DossierPlay.release.xcconfig"; sourceTree = "<group>"; };
/* End PBXFileReference section */

/* Begin PBXFrameworksBuildPhase section */
		7CE39F5320542C07006C4EA3 /* Frameworks */ = {
			isa = PBXFrameworksBuildPhase;
			buildActionMask = 2147483647;
			files = (
				A40CB12BBA7C4CF7B439A802 /* Pods_DossierPlay.framework in Frameworks */,
			);
			runOnlyForDeploymentPostprocessing = 0;
		};
/* End PBXFrameworksBuildPhase section */

/* Begin PBXGroup section */
		01BE5957022E8980925DC884 /* Pods */ = {
			isa = PBXGroup;
			children = (
				7BD9ED5A116F25828C5CD6D7 /* Pods-DossierPlay.debug.xcconfig */,
				F79C6A94C55334FA78987AAA /* Pods-DossierPlay.release.xcconfig */,
			);
			name = Pods;
			sourceTree = "<group>";
		};
		7CE39F4D20542C07006C4EA3 = {
			isa = PBXGroup;
			children = (
				7CE39F5820542C07006C4EA3 /* DossierPlay */,
				7CE39F5720542C07006C4EA3 /* Products */,
				01BE5957022E8980925DC884 /* Pods */,
				E28EB4CCF9D837CBB7700CB8 /* Frameworks */,
			);
			sourceTree = "<group>";
		};
		7CE39F5720542C07006C4EA3 /* Products */ = {
			isa = PBXGroup;
			children = (
				7CE39F5620542C07006C4EA3 /* DossierPlay.app */,
			);
			name = Products;
			sourceTree = "<group>";
		};
		7CE39F5820542C07006C4EA3 /* DossierPlay */ = {
			isa = PBXGroup;
			children = (
				7CE39F5920542C07006C4EA3 /* AppDelegate.swift */,
				7CE39F6B20544237006C4EA3 /* GridView.swift */,
				7CE39F5B20542C07006C4EA3 /* ViewController.swift */,
				7C3742DA2056FE4F007C3D60 /* ToolBar.swift */,
				7CE39F7120546023006C4EA3 /* SquareModel.swift */,
				7CE39F6F20545B75006C4EA3 /* PersistenceService.swift */,
				7CE39F7320546057006C4EA3 /* UIView+Utils.swift */,
				7C3742D82056F9F3007C3D60 /* UIColor+Utils.swift */,
				7CE39F6D20544D40006C4EA3 /* TouchTypeAwareLongPressGestureRecognizer.swift */,
				7CE39F5D20542C07006C4EA3 /* Main.storyboard */,
				7CE39F6020542C07006C4EA3 /* Assets.xcassets */,
				7CE39F6220542C07006C4EA3 /* LaunchScreen.storyboard */,
				7CE39F6520542C07006C4EA3 /* Info.plist */,
			);
			path = DossierPlay;
			sourceTree = "<group>";
		};
		E28EB4CCF9D837CBB7700CB8 /* Frameworks */ = {
			isa = PBXGroup;
			children = (
				BA6886FE615A999F437B6337 /* Pods_DossierPlay.framework */,
			);
			name = Frameworks;
			sourceTree = "<group>";
		};
/* End PBXGroup section */

/* Begin PBXNativeTarget section */
		7CE39F5520542C07006C4EA3 /* DossierPlay */ = {
			isa = PBXNativeTarget;
			buildConfigurationList = 7CE39F6820542C07006C4EA3 /* Build configuration list for PBXNativeTarget "DossierPlay" */;
			buildPhases = (
				B3521B3364ED56D59591168E /* [CP] Check Pods Manifest.lock */,
				7CE39F5220542C07006C4EA3 /* Sources */,
				7CE39F5320542C07006C4EA3 /* Frameworks */,
				7CE39F5420542C07006C4EA3 /* Resources */,
				BFB189FCAC1C296924D5845C /* [CP] Embed Pods Frameworks */,
				2455310F0FD9C53BE152FB6A /* [CP] Copy Pods Resources */,
			);
			buildRules = (
			);
			dependencies = (
			);
			name = DossierPlay;
			productName = DossierPlay;
			productReference = 7CE39F5620542C07006C4EA3 /* DossierPlay.app */;
			productType = "com.apple.product-type.application";
		};
/* End PBXNativeTarget section */

/* Begin PBXProject section */
		7CE39F4E20542C07006C4EA3 /* Project object */ = {
			isa = PBXProject;
			attributes = {
				LastSwiftUpdateCheck = 0920;
				LastUpgradeCheck = 0920;
				ORGANIZATIONNAME = "Julia Roggatz";
				TargetAttributes = {
					7CE39F5520542C07006C4EA3 = {
						CreatedOnToolsVersion = 9.2;
						ProvisioningStyle = Automatic;
					};
				};
			};
			buildConfigurationList = 7CE39F5120542C07006C4EA3 /* Build configuration list for PBXProject "DossierPlay" */;
			compatibilityVersion = "Xcode 8.0";
			developmentRegion = en;
			hasScannedForEncodings = 0;
			knownRegions = (
				en,
				Base,
			);
			mainGroup = 7CE39F4D20542C07006C4EA3;
			productRefGroup = 7CE39F5720542C07006C4EA3 /* Products */;
			projectDirPath = "";
			projectRoot = "";
			targets = (
				7CE39F5520542C07006C4EA3 /* DossierPlay */,
			);
		};
/* End PBXProject section */

/* Begin PBXResourcesBuildPhase section */
		7CE39F5420542C07006C4EA3 /* Resources */ = {
			isa = PBXResourcesBuildPhase;
			buildActionMask = 2147483647;
			files = (
				7CE39F6420542C07006C4EA3 /* LaunchScreen.storyboard in Resources */,
				7CE39F6120542C07006C4EA3 /* Assets.xcassets in Resources */,
				7CE39F5F20542C07006C4EA3 /* Main.storyboard in Resources */,
			);
			runOnlyForDeploymentPostprocessing = 0;
		};
/* End PBXResourcesBuildPhase section */

/* Begin PBXShellScriptBuildPhase section */
		2455310F0FD9C53BE152FB6A /* [CP] Copy Pods Resources */ = {
			isa = PBXShellScriptBuildPhase;
			buildActionMask = 2147483647;
			files = (
			);
			inputPaths = (
			);
			name = "[CP] Copy Pods Resources";
			outputPaths = (
			);
			runOnlyForDeploymentPostprocessing = 0;
			shellPath = /bin/sh;
			shellScript = "\"${SRCROOT}/Pods/Target Support Files/Pods-DossierPlay/Pods-DossierPlay-resources.sh\"\n";
			showEnvVarsInLog = 0;
		};
		B3521B3364ED56D59591168E /* [CP] Check Pods Manifest.lock */ = {
			isa = PBXShellScriptBuildPhase;
			buildActionMask = 2147483647;
			files = (
			);
			inputPaths = (
				"${PODS_PODFILE_DIR_PATH}/Podfile.lock",
				"${PODS_ROOT}/Manifest.lock",
			);
			name = "[CP] Check Pods Manifest.lock";
			outputPaths = (
				"$(DERIVED_FILE_DIR)/Pods-DossierPlay-checkManifestLockResult.txt",
			);
			runOnlyForDeploymentPostprocessing = 0;
			shellPath = /bin/sh;
			shellScript = "diff \"${PODS_PODFILE_DIR_PATH}/Podfile.lock\" \"${PODS_ROOT}/Manifest.lock\" > /dev/null\nif [ $? != 0 ] ; then\n    # print error to STDERR\n    echo \"error: The sandbox is not in sync with the Podfile.lock. Run 'pod install' or update your CocoaPods installation.\" >&2\n    exit 1\nfi\n# This output is used by Xcode 'outputs' to avoid re-running this script phase.\necho \"SUCCESS\" > \"${SCRIPT_OUTPUT_FILE_0}\"\n";
			showEnvVarsInLog = 0;
		};
		BFB189FCAC1C296924D5845C /* [CP] Embed Pods Frameworks */ = {
			isa = PBXShellScriptBuildPhase;
			buildActionMask = 2147483647;
			files = (
			);
			inputPaths = (
				"${SRCROOT}/Pods/Target Support Files/Pods-DossierPlay/Pods-DossierPlay-frameworks.sh",
				"${BUILT_PRODUCTS_DIR}/Alamofire/Alamofire.framework",
				"${BUILT_PRODUCTS_DIR}/SwiftyDropbox/SwiftyDropbox.framework",
			);
			name = "[CP] Embed Pods Frameworks";
			outputPaths = (
				"${TARGET_BUILD_DIR}/${FRAMEWORKS_FOLDER_PATH}/Alamofire.framework",
				"${TARGET_BUILD_DIR}/${FRAMEWORKS_FOLDER_PATH}/SwiftyDropbox.framework",
			);
			runOnlyForDeploymentPostprocessing = 0;
			shellPath = /bin/sh;
			shellScript = "\"${SRCROOT}/Pods/Target Support Files/Pods-DossierPlay/Pods-DossierPlay-frameworks.sh\"\n";
			showEnvVarsInLog = 0;
		};
/* End PBXShellScriptBuildPhase section */

/* Begin PBXSourcesBuildPhase section */
		7CE39F5220542C07006C4EA3 /* Sources */ = {
			isa = PBXSourcesBuildPhase;
			buildActionMask = 2147483647;
			files = (
				7C3742DB2056FE4F007C3D60 /* ToolBar.swift in Sources */,
				7CE39F7020545B75006C4EA3 /* PersistenceService.swift in Sources */,
				7CE39F5C20542C07006C4EA3 /* ViewController.swift in Sources */,
				7CE39F7420546057006C4EA3 /* UIView+Utils.swift in Sources */,
				7CE39F6C20544237006C4EA3 /* GridView.swift in Sources */,
				7CE39F6E20544D40006C4EA3 /* TouchTypeAwareLongPressGestureRecognizer.swift in Sources */,
				7CE39F7220546023006C4EA3 /* SquareModel.swift in Sources */,
				7CE39F5A20542C07006C4EA3 /* AppDelegate.swift in Sources */,
				7C3742D92056F9F3007C3D60 /* UIColor+Utils.swift in Sources */,
			);
			runOnlyForDeploymentPostprocessing = 0;
		};
/* End PBXSourcesBuildPhase section */

/* Begin PBXVariantGroup section */
		7CE39F5D20542C07006C4EA3 /* Main.storyboard */ = {
			isa = PBXVariantGroup;
			children = (
				7CE39F5E20542C07006C4EA3 /* Base */,
			);
			name = Main.storyboard;
			sourceTree = "<group>";
		};
		7CE39F6220542C07006C4EA3 /* LaunchScreen.storyboard */ = {
			isa = PBXVariantGroup;
			children = (
				7CE39F6320542C07006C4EA3 /* Base */,
			);
			name = LaunchScreen.storyboard;
			sourceTree = "<group>";
		};
/* End PBXVariantGroup section */

/* Begin XCBuildConfiguration section */
		7CE39F6620542C07006C4EA3 /* Debug */ = {
			isa = XCBuildConfiguration;
			buildSettings = {
				ALWAYS_SEARCH_USER_PATHS = NO;
				CLANG_ANALYZER_NONNULL = YES;
				CLANG_ANALYZER_NUMBER_OBJECT_CONVERSION = YES_AGGRESSIVE;
				CLANG_CXX_LANGUAGE_STANDARD = "gnu++14";
				CLANG_CXX_LIBRARY = "libc++";
				CLANG_ENABLE_MODULES = YES;
				CLANG_ENABLE_OBJC_ARC = YES;
				CLANG_WARN_BLOCK_CAPTURE_AUTORELEASING = YES;
				CLANG_WARN_BOOL_CONVERSION = YES;
				CLANG_WARN_COMMA = YES;
				CLANG_WARN_CONSTANT_CONVERSION = YES;
				CLANG_WARN_DIRECT_OBJC_ISA_USAGE = YES_ERROR;
				CLANG_WARN_DOCUMENTATION_COMMENTS = YES;
				CLANG_WARN_EMPTY_BODY = YES;
				CLANG_WARN_ENUM_CONVERSION = YES;
				CLANG_WARN_INFINITE_RECURSION = YES;
				CLANG_WARN_INT_CONVERSION = YES;
				CLANG_WARN_NON_LITERAL_NULL_CONVERSION = YES;
				CLANG_WARN_OBJC_LITERAL_CONVERSION = YES;
				CLANG_WARN_OBJC_ROOT_CLASS = YES_ERROR;
				CLANG_WARN_RANGE_LOOP_ANALYSIS = YES;
				CLANG_WARN_STRICT_PROTOTYPES = YES;
				CLANG_WARN_SUSPICIOUS_MOVE = YES;
				CLANG_WARN_UNGUARDED_AVAILABILITY = YES_AGGRESSIVE;
				CLANG_WARN_UNREACHABLE_CODE = YES;
				CLANG_WARN__DUPLICATE_METHOD_MATCH = YES;
				CODE_SIGN_IDENTITY = "iPhone Developer";
				COPY_PHASE_STRIP = NO;
				DEBUG_INFORMATION_FORMAT = dwarf;
				ENABLE_STRICT_OBJC_MSGSEND = YES;
				ENABLE_TESTABILITY = YES;
				GCC_C_LANGUAGE_STANDARD = gnu11;
				GCC_DYNAMIC_NO_PIC = NO;
				GCC_NO_COMMON_BLOCKS = YES;
				GCC_OPTIMIZATION_LEVEL = 0;
				GCC_PREPROCESSOR_DEFINITIONS = (
					"DEBUG=1",
					"$(inherited)",
				);
				GCC_WARN_64_TO_32_BIT_CONVERSION = YES;
				GCC_WARN_ABOUT_RETURN_TYPE = YES_ERROR;
				GCC_WARN_UNDECLARED_SELECTOR = YES;
				GCC_WARN_UNINITIALIZED_AUTOS = YES_AGGRESSIVE;
				GCC_WARN_UNUSED_FUNCTION = YES;
				GCC_WARN_UNUSED_VARIABLE = YES;
				IPHONEOS_DEPLOYMENT_TARGET = 11.2;
				MTL_ENABLE_DEBUG_INFO = YES;
				ONLY_ACTIVE_ARCH = YES;
				SDKROOT = iphoneos;
				SWIFT_ACTIVE_COMPILATION_CONDITIONS = DEBUG;
				SWIFT_OPTIMIZATION_LEVEL = "-Onone";
			};
			name = Debug;
		};
		7CE39F6720542C07006C4EA3 /* Release */ = {
			isa = XCBuildConfiguration;
			buildSettings = {
				ALWAYS_SEARCH_USER_PATHS = NO;
				CLANG_ANALYZER_NONNULL = YES;
				CLANG_ANALYZER_NUMBER_OBJECT_CONVERSION = YES_AGGRESSIVE;
				CLANG_CXX_LANGUAGE_STANDARD = "gnu++14";
				CLANG_CXX_LIBRARY = "libc++";
				CLANG_ENABLE_MODULES = YES;
				CLANG_ENABLE_OBJC_ARC = YES;
				CLANG_WARN_BLOCK_CAPTURE_AUTORELEASING = YES;
				CLANG_WARN_BOOL_CONVERSION = YES;
				CLANG_WARN_COMMA = YES;
				CLANG_WARN_CONSTANT_CONVERSION = YES;
				CLANG_WARN_DIRECT_OBJC_ISA_USAGE = YES_ERROR;
				CLANG_WARN_DOCUMENTATION_COMMENTS = YES;
				CLANG_WARN_EMPTY_BODY = YES;
				CLANG_WARN_ENUM_CONVERSION = YES;
				CLANG_WARN_INFINITE_RECURSION = YES;
				CLANG_WARN_INT_CONVERSION = YES;
				CLANG_WARN_NON_LITERAL_NULL_CONVERSION = YES;
				CLANG_WARN_OBJC_LITERAL_CONVERSION = YES;
				CLANG_WARN_OBJC_ROOT_CLASS = YES_ERROR;
				CLANG_WARN_RANGE_LOOP_ANALYSIS = YES;
				CLANG_WARN_STRICT_PROTOTYPES = YES;
				CLANG_WARN_SUSPICIOUS_MOVE = YES;
				CLANG_WARN_UNGUARDED_AVAILABILITY = YES_AGGRESSIVE;
				CLANG_WARN_UNREACHABLE_CODE = YES;
				CLANG_WARN__DUPLICATE_METHOD_MATCH = YES;
				CODE_SIGN_IDENTITY = "iPhone Distribution";
				COPY_PHASE_STRIP = NO;
				DEBUG_INFORMATION_FORMAT = "dwarf-with-dsym";
				ENABLE_NS_ASSERTIONS = NO;
				ENABLE_STRICT_OBJC_MSGSEND = YES;
				GCC_C_LANGUAGE_STANDARD = gnu11;
				GCC_NO_COMMON_BLOCKS = YES;
				GCC_WARN_64_TO_32_BIT_CONVERSION = YES;
				GCC_WARN_ABOUT_RETURN_TYPE = YES_ERROR;
				GCC_WARN_UNDECLARED_SELECTOR = YES;
				GCC_WARN_UNINITIALIZED_AUTOS = YES_AGGRESSIVE;
				GCC_WARN_UNUSED_FUNCTION = YES;
				GCC_WARN_UNUSED_VARIABLE = YES;
				IPHONEOS_DEPLOYMENT_TARGET = 11.2;
				MTL_ENABLE_DEBUG_INFO = NO;
				SDKROOT = iphoneos;
				SWIFT_OPTIMIZATION_LEVEL = "-Owholemodule";
				VALIDATE_PRODUCT = YES;
			};
			name = Release;
		};
		7CE39F6920542C07006C4EA3 /* Debug */ = {
			isa = XCBuildConfiguration;
			baseConfigurationReference = 7BD9ED5A116F25828C5CD6D7 /* Pods-DossierPlay.debug.xcconfig */;
			buildSettings = {
				ASSETCATALOG_COMPILER_APPICON_NAME = AppIcon;
				CODE_SIGN_IDENTITY = "iPhone Developer";
				CODE_SIGN_STYLE = Automatic;
				DEVELOPMENT_TEAM = HUBUH28PZB;
				INFOPLIST_FILE = DossierPlay/Info.plist;
				IPHONEOS_DEPLOYMENT_TARGET = 10.0;
				LD_RUNPATH_SEARCH_PATHS = "$(inherited) @executable_path/Frameworks";
				PRODUCT_BUNDLE_IDENTIFIER = com.jr.DossierPlay;
				PRODUCT_NAME = "$(TARGET_NAME)";
				PROVISIONING_PROFILE_SPECIFIER = "";
				SWIFT_VERSION = 3.0;
				TARGETED_DEVICE_FAMILY = "1,2";
			};
			name = Debug;
		};
		7CE39F6A20542C07006C4EA3 /* Release */ = {
			isa = XCBuildConfiguration;
			baseConfigurationReference = F79C6A94C55334FA78987AAA /* Pods-DossierPlay.release.xcconfig */;
			buildSettings = {
				ASSETCATALOG_COMPILER_APPICON_NAME = AppIcon;
				CODE_SIGN_IDENTITY = "iPhone Developer";
				CODE_SIGN_STYLE = Automatic;
				DEVELOPMENT_TEAM = HUBUH28PZB;
				INFOPLIST_FILE = DossierPlay/Info.plist;
				IPHONEOS_DEPLOYMENT_TARGET = 10.0;
				LD_RUNPATH_SEARCH_PATHS = "$(inherited) @executable_path/Frameworks";
				PRODUCT_BUNDLE_IDENTIFIER = com.jr.DossierPlay;
				PRODUCT_NAME = "$(TARGET_NAME)";
				PROVISIONING_PROFILE_SPECIFIER = "";
				SWIFT_VERSION = 3.0;
				TARGETED_DEVICE_FAMILY = "1,2";
			};
			name = Release;
		};
/* End XCBuildConfiguration section */

/* Begin XCConfigurationList section */
		7CE39F5120542C07006C4EA3 /* Build configuration list for PBXProject "DossierPlay" */ = {
			isa = XCConfigurationList;
			buildConfigurations = (
				7CE39F6620542C07006C4EA3 /* Debug */,
				7CE39F6720542C07006C4EA3 /* Release */,
			);
			defaultConfigurationIsVisible = 0;
			defaultConfigurationName = Release;
		};
		7CE39F6820542C07006C4EA3 /* Build configuration list for PBXNativeTarget "DossierPlay" */ = {
			isa = XCConfigurationList;
			buildConfigurations = (
				7CE39F6920542C07006C4EA3 /* Debug */,
				7CE39F6A20542C07006C4EA3 /* Release */,
			);
			defaultConfigurationIsVisible = 0;
			defaultConfigurationName = Release;
		};
/* End XCConfigurationList section */
	};
	rootObject = 7CE39F4E20542C07006C4EA3 /* Project object */;
}
